
Microsoft Visual Studio Solution File, Format Version 12.00
# Visual Studio Version 17
VisualStudioVersion = 17.14.36414.22
MinimumVisualStudioVersion = 10.0.40219.1
Project("{FAE04EC0-301F-11D3-BF4B-00C04F79EFBC}") = "AlmaMedical.Web.Client", "AlmaMedical.Web.Client.csproj", "{A6B0D60B-E955-4A47-86B9-905932B233CC}"
EndProject
Global
	GlobalSection(SolutionConfigurationPlatforms) = preSolution
		Debug|Any CPU = Debug|Any CPU
		Release|Any CPU = Release|Any CPU
	EndGlobalSection
	GlobalSection(ProjectConfigurationPlatforms) = postSolution
		{A6B0D60B-E955-4A47-86B9-905932B233CC}.Debug|Any CPU.ActiveCfg = Debug|Any CPU
		{A6B0D60B-E955-4A47-86B9-905932B233CC}.Debug|Any CPU.Build.0 = Debug|Any CPU
		{A6B0D60B-E955-4A47-86B9-905932B233CC}.Release|Any CPU.ActiveCfg = Release|Any CPU
		{A6B0D60B-E955-4A47-86B9-905932B233CC}.Release|Any CPU.Build.0 = Release|Any CPU
	EndGlobalSection
	GlobalSection(SolutionProperties) = preSolution
		HideSolutionNode = FALSE
	EndGlobalSection
	GlobalSection(ExtensibilityGlobals) = postSolution
		SolutionGuid = {A5856465-1EA2-4C19-B9FB-6D41E6BDE3E2}
	EndGlobalSection
EndGlobal
